
Microsoft Visual Studio Solution File, Format Version 12.00
# Visual Studio Version 16
VisualStudioVersion = 16.0.31624.102
MinimumVisualStudioVersion = 10.0.40219.1
Project("{FAE04EC0-301F-11D3-BF4B-00C04F79EFBC}") = "projeto_02", "projeto_02\projeto_02.csproj", "{FF6D3FCB-15D2-45A6-91B5-D6308D2A0566}"
EndProject
Global
	GlobalSection(SolutionConfigurationPlatforms) = preSolution
		Debug|Any CPU = Debug|Any CPU
		Release|Any CPU = Release|Any CPU
	EndGlobalSection
	GlobalSection(ProjectConfigurationPlatforms) = postSolution
		{FF6D3FCB-15D2-45A6-91B5-D6308D2A0566}.Debug|Any CPU.ActiveCfg = Debug|Any CPU
		{FF6D3FCB-15D2-45A6-91B5-D6308D2A0566}.Debug|Any CPU.Build.0 = Debug|Any CPU
		{FF6D3FCB-15D2-45A6-91B5-D6308D2A0566}.Release|Any CPU.ActiveCfg = Release|Any CPU
		{FF6D3FCB-15D2-45A6-91B5-D6308D2A0566}.Release|Any CPU.Build.0 = Release|Any CPU
	EndGlobalSection
	GlobalSection(SolutionProperties) = preSolution
		HideSolutionNode = FALSE
	EndGlobalSection
	GlobalSection(ExtensibilityGlobals) = postSolution
		SolutionGuid = {960EE24F-ECD9-4DCD-BE39-4B8BB683A249}
	EndGlobalSection
EndGlobal
